
Microsoft Visual Studio Solution File, Format Version 12.00
# Visual Studio 2015
Project("{FAE04EC0-301F-11D3-BF4B-00C04F79EFBC}") = "Testproj", "Testproj.csproj", "{07EDD757-0C28-F690-F79C-A71AB370D7B3}"
EndProject
Project("{FAE04EC0-301F-11D3-BF4B-00C04F79EFBC}") = "Testproj.Editor", "Testproj.Editor.csproj", "{BEDD881D-E35F-5702-FF41-FC0542F3B79D}"
EndProject
Global
	GlobalSection(SolutionConfigurationPlatforms) = preSolution
		Debug|Any CPU = Debug|Any CPU
		Release|Any CPU = Release|Any CPU
	EndGlobalSection
	GlobalSection(ProjectConfigurationPlatforms) = postSolution
		{07EDD757-0C28-F690-F79C-A71AB370D7B3}.Debug|Any CPU.ActiveCfg = Debug|Any CPU
		{07EDD757-0C28-F690-F79C-A71AB370D7B3}.Debug|Any CPU.Build.0 = Debug|Any CPU
		{07EDD757-0C28-F690-F79C-A71AB370D7B3}.Release|Any CPU.ActiveCfg = Release|Any CPU
		{07EDD757-0C28-F690-F79C-A71AB370D7B3}.Release|Any CPU.Build.0 = Release|Any CPU
		{BEDD881D-E35F-5702-FF41-FC0542F3B79D}.Debug|Any CPU.ActiveCfg = Debug|Any CPU
		{BEDD881D-E35F-5702-FF41-FC0542F3B79D}.Debug|Any CPU.Build.0 = Debug|Any CPU
		{BEDD881D-E35F-5702-FF41-FC0542F3B79D}.Release|Any CPU.ActiveCfg = Release|Any CPU
		{BEDD881D-E35F-5702-FF41-FC0542F3B79D}.Release|Any CPU.Build.0 = Release|Any CPU
	EndGlobalSection
	GlobalSection(SolutionProperties) = preSolution
		HideSolutionNode = FALSE
	EndGlobalSection
EndGlobal
